<?xml version="1.0" encoding="utf-8"?>
<Project ToolsVersion="4.0" xmlns="http://schemas.microsoft.com/developer/msbuild/2003">
  <ItemGroup>
    <Filter Include="Form Files">
      <UniqueIdentifier>{23f04cf9-a3ad-41fd-acb6-543daa4d6a3c}</UniqueIdentifier>
    </Filter>
    <Filter Include="Header Files">
      <UniqueIdentifier>{2fa7bb0b-abb4-43ad-b378-477260d6f67e}</UniqueIdentifier>
    </Filter>
    <Filter Include="Resource Files">
      <UniqueIdentifier>{35719c53-3240-4ab0-8795-7afa2f1d08e9}</UniqueIdentifier>
    </Filter>
    <Filter Include="Source Files">
      <UniqueIdentifier>{a185c5d1-dd41-4351-86ec-a318666a09ee}</UniqueIdentifier>
    </Filter>
    <Filter Include="Header Files\Cube">
      <UniqueIdentifier>{00025569-4a76-4a10-94f0-b1a6be740ad6}</UniqueIdentifier>
    </Filter>
    <Filter Include="Source Files\Cube">
      <UniqueIdentifier>{c5a0348e-a1f8-440e-bed0-f6d18bcf51c6}</UniqueIdentifier>
    </Filter>
    <Filter Include="Source Files\Special">
      <UniqueIdentifier>{7c4a4525-5820-4d2d-b16f-c11db75ea05a}</UniqueIdentifier>
    </Filter>
    <Filter Include="Header Files\Special">
      <UniqueIdentifier>{dce9b640-c90d-4e58-a486-91a8715eb64c}</UniqueIdentifier>
    </Filter>
  </ItemGroup>
  <ItemGroup>
    <QtRcc Include="MonsterWarM.qrc">
      <Filter>Resource Files</Filter>
    </QtRcc>
  </ItemGroup>
  <ItemGroup>
    <ClCompile Include="MainWindow.cpp">
      <Filter>Source Files</Filter>
    </ClCompile>
    <ClCompile Include="MAnimationSprite.cpp">
      <Filter>Source Files</Filter>
    </ClCompile>
    <ClCompile Include="MBullet.cpp">
      <Filter>Source Files</Filter>
    </ClCompile>
    <ClCompile Include="MEndWindow.cpp">
      <Filter>Source Files</Filter>
    </ClCompile>
    <ClCompile Include="MFileReader.cpp">
      <Filter>Source Files</Filter>
    </ClCompile>
    <ClCompile Include="MMap.cpp">
      <Filter>Source Files</Filter>
    </ClCompile>
    <ClCompile Include="MMapEditer.cpp">
      <Filter>Source Files</Filter>
    </ClCompile>
    <ClCompile Include="MMonster.cpp">
      <Filter>Source Files</Filter>
    </ClCompile>
    <ClCompile Include="MMonsterArray.cpp">
      <Filter>Source Files</Filter>
    </ClCompile>
    <ClCompile Include="MMoveButton.cpp">
      <Filter>Source Files</Filter>
    </ClCompile>
    <ClCompile Include="MMusicPlayer.cpp">
      <Filter>Source Files</Filter>
    </ClCompile>
    <ClCompile Include="MPlayer.cpp">
      <Filter>Source Files</Filter>
    </ClCompile>
    <ClCompile Include="MPlayerButtom.cpp">
      <Filter>Source Files</Filter>
    </ClCompile>
    <ClCompile Include="MPlayerTop.cpp">
      <Filter>Source Files</Filter>
    </ClCompile>
    <ClCompile Include="MProp.cpp">
      <Filter>Source Files</Filter>
    </ClCompile>
    <ClCompile Include="MPropArray.cpp">
      <Filter>Source Files</Filter>
    </ClCompile>
    <ClCompile Include="MSpecial.cpp">
      <Filter>Source Files</Filter>
    </ClCompile>
    <ClCompile Include="MSprite.cpp">
      <Filter>Source Files</Filter>
    </ClCompile>
    <ClCompile Include="MStartWindow.cpp">
      <Filter>Source Files</Filter>
    </ClCompile>
    <ClCompile Include="main.cpp">
      <Filter>Source Files</Filter>
    </ClCompile>
    <ClCompile Include="MBrick.cpp">
      <Filter>Source Files\Cube</Filter>
    </ClCompile>
    <ClCompile Include="MCube.cpp">
      <Filter>Source Files\Cube</Filter>
    </ClCompile>
    <ClCompile Include="MJelly.cpp">
      <Filter>Source Files\Cube</Filter>
    </ClCompile>
    <ClCompile Include="MIce.cpp">
      <Filter>Source Files\Cube</Filter>
    </ClCompile>
    <ClCompile Include="MSpikerock.cpp">
      <Filter>Source Files\Cube</Filter>
    </ClCompile>
    <ClCompile Include="MFrozen.cpp">
      <Filter>Source Files\Special</Filter>
    </ClCompile>
    <ClCompile Include="MBomb.cpp">
      <Filter>Source Files\Special</Filter>
    </ClCompile>
    <ClCompile Include="MMedicine.cpp">
      <Filter>Source Files\Special</Filter>
    </ClCompile>
    <ClCompile Include="MAccelerator.cpp">
      <Filter>Source Files\Special</Filter>
    </ClCompile>
    <ClCompile Include="MMusicButton.cpp">
      <Filter>Source Files</Filter>
    </ClCompile>
  </ItemGroup>
  <ItemGroup>
    <ClInclude Include="MAnimationSprite.h">
      <Filter>Header Files</Filter>
    </ClInclude>
    <ClInclude Include="MBullet.h">
      <Filter>Header Files</Filter>
    </ClInclude>
    <ClInclude Include="MDefine.h">
      <Filter>Header Files</Filter>
    </ClInclude>
    <ClInclude Include="MFileReader.h">
      <Filter>Header Files</Filter>
    </ClInclude>
    <ClInclude Include="MMap.h">
      <Filter>Header Files</Filter>
    </ClInclude>
    <ClInclude Include="MMonster.h">
      <Filter>Header Files</Filter>
    </ClInclude>
    <ClInclude Include="MMonsterArray.h">
      <Filter>Header Files</Filter>
    </ClInclude>
    <ClInclude Include="MMoveButton.h">
      <Filter>Header Files</Filter>
    </ClInclude>
    <ClInclude Include="MMusicPlayer.h">
      <Filter>Header Files</Filter>
    </ClInclude>
    <ClInclude Include="MPlayer.h">
      <Filter>Header Files</Filter>
    </ClInclude>
    <ClInclude Include="MPlayerButtom.h">
      <Filter>Header Files</Filter>
    </ClInclude>
    <ClInclude Include="MPlayerTop.h">
      <Filter>Header Files</Filter>
    </ClInclude>
    <ClInclude Include="MProp.h">
      <Filter>Header Files</Filter>
    </ClInclude>
    <ClInclude Include="MPropArray.h">
      <Filter>Header Files</Filter>
    </ClInclude>
    <ClInclude Include="MSpecial.h">
      <Filter>Header Files</Filter>
    </ClInclude>
    <ClInclude Include="MSprite.h">
      <Filter>Header Files</Filter>
    </ClInclude>
    <ClInclude Include="MBrick.h">
      <Filter>Header Files\Cube</Filter>
    </ClInclude>
    <ClInclude Include="MCube.h">
      <Filter>Header Files\Cube</Filter>
    </ClInclude>
    <ClInclude Include="MJelly.h">
      <Filter>Header Files\Cube</Filter>
    </ClInclude>
    <ClInclude Include="MIce.h">
      <Filter>Header Files\Cube</Filter>
    </ClInclude>
    <ClInclude Include="MSpikerock.h">
      <Filter>Header Files\Cube</Filter>
    </ClInclude>
    <ClInclude Include="MAccelerator.h">
      <Filter>Header Files\Special</Filter>
    </ClInclude>
    <ClInclude Include="MBomb.h">
      <Filter>Header Files\Special</Filter>
    </ClInclude>
    <ClInclude Include="MMedicine.h">
      <Filter>Header Files\Special</Filter>
    </ClInclude>
    <ClInclude Include="MMusicButton.h">
      <Filter>Header Files</Filter>
    </ClInclude>
  </ItemGroup>
  <ItemGroup>
    <QtMoc Include="MainWindow.h">
      <Filter>Header Files</Filter>
    </QtMoc>
    <QtMoc Include="MEndWindow.h">
      <Filter>Header Files</Filter>
    </QtMoc>
    <QtMoc Include="MMapEditer.h">
      <Filter>Header Files</Filter>
    </QtMoc>
    <QtMoc Include="MStartWindow.h">
      <Filter>Header Files</Filter>
    </QtMoc>
  </ItemGroup>
  <ItemGroup>
    <QtUic Include="MonsterWarM.ui">
      <Filter>Form Files</Filter>
    </QtUic>
  </ItemGroup>
</Project>